
Microsoft Visual Studio Solution File, Format Version 12.00
# Visual Studio Version 17
VisualStudioVersion = 17.0.31903.59
MinimumVisualStudioVersion = 10.0.40219.1
Project("{FAE04EC0-301F-11D3-BF4B-00C04F79EFBC}") = "SuperProyecto.Api", "SuperProyecto.Api\SuperProyecto.Api.csproj", "{CBFCB754-55B7-46C0-8A8C-943F35265AC1}"
EndProject
Project("{FAE04EC0-301F-11D3-BF4B-00C04F79EFBC}") = "SuperProyecto.Core", "SuperProyecto.Core\SuperProyecto.Core.csproj", "{53399702-3199-4470-BADC-0C5294DAB35A}"
EndProject
Project("{FAE04EC0-301F-11D3-BF4B-00C04F79EFBC}") = "SuperProyecto.Dapper", "SuperProyecto.Dapper\SuperProyecto.Dapper.csproj", "{181FA222-27AD-4D2E-AEC4-20E54C973D9A}"
EndProject
Project("{FAE04EC0-301F-11D3-BF4B-00C04F79EFBC}") = "SuperProyecto.Services", "SuperProyecto.Services\SuperProyecto.Services.csproj", "{EA946828-D419-44C0-89FB-F8B3014A3BE5}"
EndProject
Project("{FAE04EC0-301F-11D3-BF4B-00C04F79EFBC}") = "SuperProyecto.Tests", "SuperProyecto.Tests\SuperProyecto.Tests.csproj", "{24E34EFB-1751-4791-BC9D-A5DDE2B7F961}"
EndProject
Global
	GlobalSection(SolutionConfigurationPlatforms) = preSolution
		Debug|Any CPU = Debug|Any CPU
		Release|Any CPU = Release|Any CPU
	EndGlobalSection
	GlobalSection(SolutionProperties) = preSolution
		HideSolutionNode = FALSE
	EndGlobalSection
	GlobalSection(ProjectConfigurationPlatforms) = postSolution
		{CBFCB754-55B7-46C0-8A8C-943F35265AC1}.Debug|Any CPU.ActiveCfg = Debug|Any CPU
		{CBFCB754-55B7-46C0-8A8C-943F35265AC1}.Debug|Any CPU.Build.0 = Debug|Any CPU
		{CBFCB754-55B7-46C0-8A8C-943F35265AC1}.Release|Any CPU.ActiveCfg = Release|Any CPU
		{CBFCB754-55B7-46C0-8A8C-943F35265AC1}.Release|Any CPU.Build.0 = Release|Any CPU
		{53399702-3199-4470-BADC-0C5294DAB35A}.Debug|Any CPU.ActiveCfg = Debug|Any CPU
		{53399702-3199-4470-BADC-0C5294DAB35A}.Debug|Any CPU.Build.0 = Debug|Any CPU
		{53399702-3199-4470-BADC-0C5294DAB35A}.Release|Any CPU.ActiveCfg = Release|Any CPU
		{53399702-3199-4470-BADC-0C5294DAB35A}.Release|Any CPU.Build.0 = Release|Any CPU
		{181FA222-27AD-4D2E-AEC4-20E54C973D9A}.Debug|Any CPU.ActiveCfg = Debug|Any CPU
		{181FA222-27AD-4D2E-AEC4-20E54C973D9A}.Debug|Any CPU.Build.0 = Debug|Any CPU
		{181FA222-27AD-4D2E-AEC4-20E54C973D9A}.Release|Any CPU.ActiveCfg = Release|Any CPU
		{181FA222-27AD-4D2E-AEC4-20E54C973D9A}.Release|Any CPU.Build.0 = Release|Any CPU
		{EA946828-D419-44C0-89FB-F8B3014A3BE5}.Debug|Any CPU.ActiveCfg = Debug|Any CPU
		{EA946828-D419-44C0-89FB-F8B3014A3BE5}.Debug|Any CPU.Build.0 = Debug|Any CPU
		{EA946828-D419-44C0-89FB-F8B3014A3BE5}.Release|Any CPU.ActiveCfg = Release|Any CPU
		{EA946828-D419-44C0-89FB-F8B3014A3BE5}.Release|Any CPU.Build.0 = Release|Any CPU
		{24E34EFB-1751-4791-BC9D-A5DDE2B7F961}.Debug|Any CPU.ActiveCfg = Debug|Any CPU
		{24E34EFB-1751-4791-BC9D-A5DDE2B7F961}.Debug|Any CPU.Build.0 = Debug|Any CPU
		{24E34EFB-1751-4791-BC9D-A5DDE2B7F961}.Release|Any CPU.ActiveCfg = Release|Any CPU
		{24E34EFB-1751-4791-BC9D-A5DDE2B7F961}.Release|Any CPU.Build.0 = Release|Any CPU
	EndGlobalSection
EndGlobal
