
Microsoft Visual Studio Solution File, Format Version 12.00
# Visual Studio Version 17
VisualStudioVersion = 17.5.2.0
MinimumVisualStudioVersion = 10.0.40219.1
Project("{2150E333-8FDC-42A3-9474-1A3956D46DE8}") = "src", "src", "{57F2753C-57B5-471B-AB20-2BB4BF97E471}"
EndProject
Project("{2150E333-8FDC-42A3-9474-1A3956D46DE8}") = "CSharp", "CSharp", "{92EB5F7B-DAA7-464A-893F-C7907571E23C}"
EndProject
Project("{FAE04EC0-301F-11D3-BF4B-00C04F79EFBC}") = "SuperProyecto.Core", "src\CSharp\SuperProyecto.Core\SuperProyecto.Core.csproj", "{2BE95E4E-967D-4FCC-9A00-DBD353297841}"
EndProject
Project("{FAE04EC0-301F-11D3-BF4B-00C04F79EFBC}") = "SuperProyecto.Dapper", "src\CSharp\SuperProyecto.Dapper\SuperProyecto.Dapper.csproj", "{DEFB227D-B251-402C-9D94-47838FFEE53D}"
EndProject
Project("{FAE04EC0-301F-11D3-BF4B-00C04F79EFBC}") = "SuperProyecto.Tests", "src\CSharp\SuperProyecto.Tests\SuperProyecto.Tests.csproj", "{25E86397-B365-4AEE-A566-A5AC60C671C1}"
EndProject
Project("{FAE04EC0-301F-11D3-BF4B-00C04F79EFBC}") = "SuperProyecto.Api", "src\CSharp\SuperProyecto.Api\SuperProyecto.Api.csproj", "{F6D52FC3-870D-4DF4-877A-A060DD724E71}"
EndProject
Global
	GlobalSection(SolutionConfigurationPlatforms) = preSolution
		Debug|Any CPU = Debug|Any CPU
		Debug|x64 = Debug|x64
		Debug|x86 = Debug|x86
		Release|Any CPU = Release|Any CPU
		Release|x64 = Release|x64
		Release|x86 = Release|x86
	EndGlobalSection
	GlobalSection(ProjectConfigurationPlatforms) = postSolution
		{2BE95E4E-967D-4FCC-9A00-DBD353297841}.Debug|Any CPU.ActiveCfg = Debug|Any CPU
		{2BE95E4E-967D-4FCC-9A00-DBD353297841}.Debug|Any CPU.Build.0 = Debug|Any CPU
		{2BE95E4E-967D-4FCC-9A00-DBD353297841}.Debug|x64.ActiveCfg = Debug|Any CPU
		{2BE95E4E-967D-4FCC-9A00-DBD353297841}.Debug|x64.Build.0 = Debug|Any CPU
		{2BE95E4E-967D-4FCC-9A00-DBD353297841}.Debug|x86.ActiveCfg = Debug|Any CPU
		{2BE95E4E-967D-4FCC-9A00-DBD353297841}.Debug|x86.Build.0 = Debug|Any CPU
		{2BE95E4E-967D-4FCC-9A00-DBD353297841}.Release|Any CPU.ActiveCfg = Release|Any CPU
		{2BE95E4E-967D-4FCC-9A00-DBD353297841}.Release|Any CPU.Build.0 = Release|Any CPU
		{2BE95E4E-967D-4FCC-9A00-DBD353297841}.Release|x64.ActiveCfg = Release|Any CPU
		{2BE95E4E-967D-4FCC-9A00-DBD353297841}.Release|x64.Build.0 = Release|Any CPU
		{2BE95E4E-967D-4FCC-9A00-DBD353297841}.Release|x86.ActiveCfg = Release|Any CPU
		{2BE95E4E-967D-4FCC-9A00-DBD353297841}.Release|x86.Build.0 = Release|Any CPU
		{DEFB227D-B251-402C-9D94-47838FFEE53D}.Debug|Any CPU.ActiveCfg = Debug|Any CPU
		{DEFB227D-B251-402C-9D94-47838FFEE53D}.Debug|Any CPU.Build.0 = Debug|Any CPU
		{DEFB227D-B251-402C-9D94-47838FFEE53D}.Debug|x64.ActiveCfg = Debug|Any CPU
		{DEFB227D-B251-402C-9D94-47838FFEE53D}.Debug|x64.Build.0 = Debug|Any CPU
		{DEFB227D-B251-402C-9D94-47838FFEE53D}.Debug|x86.ActiveCfg = Debug|Any CPU
		{DEFB227D-B251-402C-9D94-47838FFEE53D}.Debug|x86.Build.0 = Debug|Any CPU
		{DEFB227D-B251-402C-9D94-47838FFEE53D}.Release|Any CPU.ActiveCfg = Release|Any CPU
		{DEFB227D-B251-402C-9D94-47838FFEE53D}.Release|Any CPU.Build.0 = Release|Any CPU
		{DEFB227D-B251-402C-9D94-47838FFEE53D}.Release|x64.ActiveCfg = Release|Any CPU
		{DEFB227D-B251-402C-9D94-47838FFEE53D}.Release|x64.Build.0 = Release|Any CPU
		{DEFB227D-B251-402C-9D94-47838FFEE53D}.Release|x86.ActiveCfg = Release|Any CPU
		{DEFB227D-B251-402C-9D94-47838FFEE53D}.Release|x86.Build.0 = Release|Any CPU
		{25E86397-B365-4AEE-A566-A5AC60C671C1}.Debug|Any CPU.ActiveCfg = Debug|Any CPU
		{25E86397-B365-4AEE-A566-A5AC60C671C1}.Debug|Any CPU.Build.0 = Debug|Any CPU
		{25E86397-B365-4AEE-A566-A5AC60C671C1}.Debug|x64.ActiveCfg = Debug|Any CPU
		{25E86397-B365-4AEE-A566-A5AC60C671C1}.Debug|x64.Build.0 = Debug|Any CPU
		{25E86397-B365-4AEE-A566-A5AC60C671C1}.Debug|x86.ActiveCfg = Debug|Any CPU
		{25E86397-B365-4AEE-A566-A5AC60C671C1}.Debug|x86.Build.0 = Debug|Any CPU
		{25E86397-B365-4AEE-A566-A5AC60C671C1}.Release|Any CPU.ActiveCfg = Release|Any CPU
		{25E86397-B365-4AEE-A566-A5AC60C671C1}.Release|Any CPU.Build.0 = Release|Any CPU
		{25E86397-B365-4AEE-A566-A5AC60C671C1}.Release|x64.ActiveCfg = Release|Any CPU
		{25E86397-B365-4AEE-A566-A5AC60C671C1}.Release|x64.Build.0 = Release|Any CPU
		{25E86397-B365-4AEE-A566-A5AC60C671C1}.Release|x86.ActiveCfg = Release|Any CPU
		{25E86397-B365-4AEE-A566-A5AC60C671C1}.Release|x86.Build.0 = Release|Any CPU
		{F6D52FC3-870D-4DF4-877A-A060DD724E71}.Debug|Any CPU.ActiveCfg = Debug|Any CPU
		{F6D52FC3-870D-4DF4-877A-A060DD724E71}.Debug|Any CPU.Build.0 = Debug|Any CPU
		{F6D52FC3-870D-4DF4-877A-A060DD724E71}.Debug|x64.ActiveCfg = Debug|Any CPU
		{F6D52FC3-870D-4DF4-877A-A060DD724E71}.Debug|x64.Build.0 = Debug|Any CPU
		{F6D52FC3-870D-4DF4-877A-A060DD724E71}.Debug|x86.ActiveCfg = Debug|Any CPU
		{F6D52FC3-870D-4DF4-877A-A060DD724E71}.Debug|x86.Build.0 = Debug|Any CPU
		{F6D52FC3-870D-4DF4-877A-A060DD724E71}.Release|Any CPU.ActiveCfg = Release|Any CPU
		{F6D52FC3-870D-4DF4-877A-A060DD724E71}.Release|Any CPU.Build.0 = Release|Any CPU
		{F6D52FC3-870D-4DF4-877A-A060DD724E71}.Release|x64.ActiveCfg = Release|Any CPU
		{F6D52FC3-870D-4DF4-877A-A060DD724E71}.Release|x64.Build.0 = Release|Any CPU
		{F6D52FC3-870D-4DF4-877A-A060DD724E71}.Release|x86.ActiveCfg = Release|Any CPU
		{F6D52FC3-870D-4DF4-877A-A060DD724E71}.Release|x86.Build.0 = Release|Any CPU
	EndGlobalSection
	GlobalSection(SolutionProperties) = preSolution
		HideSolutionNode = FALSE
	EndGlobalSection
	GlobalSection(NestedProjects) = preSolution
		{92EB5F7B-DAA7-464A-893F-C7907571E23C} = {57F2753C-57B5-471B-AB20-2BB4BF97E471}
		{2BE95E4E-967D-4FCC-9A00-DBD353297841} = {92EB5F7B-DAA7-464A-893F-C7907571E23C}
		{DEFB227D-B251-402C-9D94-47838FFEE53D} = {92EB5F7B-DAA7-464A-893F-C7907571E23C}
		{25E86397-B365-4AEE-A566-A5AC60C671C1} = {92EB5F7B-DAA7-464A-893F-C7907571E23C}
		{F6D52FC3-870D-4DF4-877A-A060DD724E71} = {92EB5F7B-DAA7-464A-893F-C7907571E23C}
	EndGlobalSection
	GlobalSection(ExtensibilityGlobals) = postSolution
		SolutionGuid = {13BF5DCF-EA29-48DD-BA83-F3BDCE4FA70C}
	EndGlobalSection
EndGlobal
